{
  "name": "@ElhedranOrg/cdk-static-site",
  "version": "0.1.4",
  "lockfileVersion": 1,
  "requires": true,
  "dependencies": {
    "@aws-cdk/assets": {
      "version": "1.34.1",
      "resolved": "https://registry.npmjs.org/@aws-cdk/assets/-/assets-1.34.1.tgz",
      "integrity": "sha512-iiwIUzGoc0TYQ2W6a45EqPhsAITkBZwbgjK6alhoeuL8nfuclJfrl5eTJGjbwcpg3eK7vVz+ivyFYm4veNpBwg==",
      "dev": true,
      "requires": {
        "@aws-cdk/core": "1.34.1",
        "@aws-cdk/cx-api": "1.34.1",
        "constructs": "^3.0.2",
        "minimatch": "^3.0.4"
      },
      "dependencies": {
        "balanced-match": {
          "version": "1.0.0",
          "bundled": true,
          "dev": true
        },
        "brace-expansion": {
          "version": "1.1.11",
          "bundled": true,
          "dev": true,
          "requires": {
            "balanced-match": "^1.0.0",
            "concat-map": "0.0.1"
          }
        },
        "concat-map": {
          "version": "0.0.1",
          "bundled": true,
          "dev": true
        },
        "minimatch": {
          "version": "3.0.4",
          "bundled": true,
          "dev": true,
          "requires": {
            "brace-expansion": "^1.1.7"
          }
        }
      }
    },
    "@aws-cdk/aws-apigateway": {
      "version": "1.34.1",
      "resolved": "https://registry.npmjs.org/@aws-cdk/aws-apigateway/-/aws-apigateway-1.34.1.tgz",
      "integrity": "sha512-eHVUfdVmrURm+k+1l8tCxc6UTU8yMRT/GZr4hikL0req3//yTlxHY5qvdgA/syI0AANVXdm6zseMxi7n8G9mDA==",
      "dev": true,
      "requires": {
        "@aws-cdk/aws-certificatemanager": "1.34.1",
        "@aws-cdk/aws-ec2": "1.34.1",
        "@aws-cdk/aws-elasticloadbalancingv2": "1.34.1",
        "@aws-cdk/aws-iam": "1.34.1",
        "@aws-cdk/aws-lambda": "1.34.1",
        "@aws-cdk/aws-logs": "1.34.1",
        "@aws-cdk/core": "1.34.1",
        "constructs": "^3.0.2"
      }
    },
    "@aws-cdk/aws-certificatemanager": {
      "version": "1.34.1",
      "resolved": "https://registry.npmjs.org/@aws-cdk/aws-certificatemanager/-/aws-certificatemanager-1.34.1.tgz",
      "integrity": "sha512-8jFWu6zMZLC9sMOlfnx7JwSKPI1qlk059GXl9mzENBOmm5Pu0r7xkLXlDSoC8Gt7fiVlXsz6CrIqtUssslt77w==",
      "dev": true,
      "requires": {
        "@aws-cdk/aws-cloudformation": "1.34.1",
        "@aws-cdk/aws-iam": "1.34.1",
        "@aws-cdk/aws-lambda": "1.34.1",
        "@aws-cdk/aws-route53": "1.34.1",
        "@aws-cdk/core": "1.34.1",
        "constructs": "^3.0.2"
      }
    },
    "@aws-cdk/aws-cloudformation": {
      "version": "1.34.1",
      "resolved": "https://registry.npmjs.org/@aws-cdk/aws-cloudformation/-/aws-cloudformation-1.34.1.tgz",
      "integrity": "sha512-4+8RJSGpG8fPTOsHFUXq3di8blFeGG1HL7+dxFnD7e6KxeLUV5lyElorrbdG9ZVhVWDHTy/hrJvYoc82h2FfNA==",
      "dev": true,
      "requires": {
        "@aws-cdk/aws-iam": "1.34.1",
        "@aws-cdk/aws-lambda": "1.34.1",
        "@aws-cdk/aws-s3": "1.34.1",
        "@aws-cdk/aws-sns": "1.34.1",
        "@aws-cdk/core": "1.34.1",
        "@aws-cdk/cx-api": "1.34.1",
        "constructs": "^3.0.2"
      }
    },
    "@aws-cdk/aws-cloudfront": {
      "version": "1.34.1",
      "resolved": "https://registry.npmjs.org/@aws-cdk/aws-cloudfront/-/aws-cloudfront-1.34.1.tgz",
      "integrity": "sha512-/nNkmELM32eHEd0yGM1jicjXXeSx5X0ykYO5l/19dtbjyjUU/kTNMQury3kTSOBjypD86OnTNS3qkezuYL8lfQ==",
      "dev": true,
      "requires": {
        "@aws-cdk/aws-certificatemanager": "1.34.1",
        "@aws-cdk/aws-iam": "1.34.1",
        "@aws-cdk/aws-kms": "1.34.1",
        "@aws-cdk/aws-lambda": "1.34.1",
        "@aws-cdk/aws-s3": "1.34.1",
        "@aws-cdk/core": "1.34.1",
        "constructs": "^3.0.2"
      }
    },
    "@aws-cdk/aws-cloudwatch": {
      "version": "1.34.1",
      "resolved": "https://registry.npmjs.org/@aws-cdk/aws-cloudwatch/-/aws-cloudwatch-1.34.1.tgz",
      "integrity": "sha512-hLPj8arWRujRi1KophGDaJv+JTsPsejnEsLcC0li95LdppqsxyZiaZkN7LVteywdvs0Ri5T4XijQY79sHMNpVA==",
      "dev": true,
      "requires": {
        "@aws-cdk/aws-iam": "1.34.1",
        "@aws-cdk/core": "1.34.1",
        "constructs": "^3.0.2"
      }
    },
    "@aws-cdk/aws-ec2": {
      "version": "1.34.1",
      "resolved": "https://registry.npmjs.org/@aws-cdk/aws-ec2/-/aws-ec2-1.34.1.tgz",
      "integrity": "sha512-EA4uRM11a4oB9/bG2KnpGogxALXJhlqYXySV9CzHj582AT1KYE+0OH7rp74D2sI3MYqLGQ9xqyVVJSqJTAPUVQ==",
      "dev": true,
      "requires": {
        "@aws-cdk/aws-cloudwatch": "1.34.1",
        "@aws-cdk/aws-iam": "1.34.1",
        "@aws-cdk/aws-logs": "1.34.1",
        "@aws-cdk/aws-s3": "1.34.1",
        "@aws-cdk/aws-ssm": "1.34.1",
        "@aws-cdk/core": "1.34.1",
        "@aws-cdk/cx-api": "1.34.1",
        "@aws-cdk/region-info": "1.34.1",
        "constructs": "^3.0.2"
      }
    },
    "@aws-cdk/aws-elasticloadbalancing": {
      "version": "1.34.1",
      "resolved": "https://registry.npmjs.org/@aws-cdk/aws-elasticloadbalancing/-/aws-elasticloadbalancing-1.34.1.tgz",
      "integrity": "sha512-zMvX7ANRLoTguezPaxGbm4N4LKrFdU/uxhadRRQrOq9pT3Qhbpg02g6eMfuwrj7Ws/x54WpkFYlXHPIGwmu1vA==",
      "dev": true,
      "requires": {
        "@aws-cdk/aws-ec2": "1.34.1",
        "@aws-cdk/core": "1.34.1",
        "constructs": "^3.0.2"
      }
    },
    "@aws-cdk/aws-elasticloadbalancingv2": {
      "version": "1.34.1",
      "resolved": "https://registry.npmjs.org/@aws-cdk/aws-elasticloadbalancingv2/-/aws-elasticloadbalancingv2-1.34.1.tgz",
      "integrity": "sha512-abnlAngHnMmnLVA7awxuORRl6UTbbXNeMGochizr8FuRNXIZb7HZVGsmU1JuYZHztEi+CZH+4TwSRLEUTyxKYA==",
      "dev": true,
      "requires": {
        "@aws-cdk/aws-certificatemanager": "1.34.1",
        "@aws-cdk/aws-cloudwatch": "1.34.1",
        "@aws-cdk/aws-ec2": "1.34.1",
        "@aws-cdk/aws-iam": "1.34.1",
        "@aws-cdk/aws-lambda": "1.34.1",
        "@aws-cdk/aws-s3": "1.34.1",
        "@aws-cdk/core": "1.34.1",
        "constructs": "^3.0.2"
      }
    },
    "@aws-cdk/aws-events": {
      "version": "1.34.1",
      "resolved": "https://registry.npmjs.org/@aws-cdk/aws-events/-/aws-events-1.34.1.tgz",
      "integrity": "sha512-9PRmBc4PzhfaEv52tz8oHSbkNqT9zq/AdAv+KdVwsyOUS5tk/GGKM2TuvTUtDDVCtV2E8wXPILuFBccaqimndg==",
      "dev": true,
      "requires": {
        "@aws-cdk/aws-iam": "1.34.1",
        "@aws-cdk/core": "1.34.1",
        "constructs": "^3.0.2"
      }
    },
    "@aws-cdk/aws-iam": {
      "version": "1.34.1",
      "resolved": "https://registry.npmjs.org/@aws-cdk/aws-iam/-/aws-iam-1.34.1.tgz",
      "integrity": "sha512-nptVTCxhK8os6NSEgQPrwikUtVx7cT8v/q7nKRa+uqhAv5VLSWTEv9ZdY8cZVfFCIoEf9UTSLVIgbEALde7BdQ==",
      "dev": true,
      "requires": {
        "@aws-cdk/core": "1.34.1",
        "@aws-cdk/region-info": "1.34.1",
        "constructs": "^3.0.2"
      }
    },
    "@aws-cdk/aws-kms": {
      "version": "1.34.1",
      "resolved": "https://registry.npmjs.org/@aws-cdk/aws-kms/-/aws-kms-1.34.1.tgz",
      "integrity": "sha512-XqRanmcHstgb3YRHgOozth8Q6YJ+IGxZrdPoyRWcyCGqNYLgUitbqFJuFIZL9eR/wCqShpN+fOFrrg0mmDgWhA==",
      "dev": true,
      "requires": {
        "@aws-cdk/aws-iam": "1.34.1",
        "@aws-cdk/core": "1.34.1",
        "constructs": "^3.0.2"
      }
    },
    "@aws-cdk/aws-lambda": {
      "version": "1.34.1",
      "resolved": "https://registry.npmjs.org/@aws-cdk/aws-lambda/-/aws-lambda-1.34.1.tgz",
      "integrity": "sha512-ZbCkuJUQ7aRLF96NZyCXykSeoP2e7W5hiS3ZbrsIOOsc6DO1oKm+POcDJFL78b8epN+nyxc0cGSD3qph6CJ3jA==",
      "dev": true,
      "requires": {
        "@aws-cdk/aws-cloudwatch": "1.34.1",
        "@aws-cdk/aws-ec2": "1.34.1",
        "@aws-cdk/aws-events": "1.34.1",
        "@aws-cdk/aws-iam": "1.34.1",
        "@aws-cdk/aws-logs": "1.34.1",
        "@aws-cdk/aws-s3": "1.34.1",
        "@aws-cdk/aws-s3-assets": "1.34.1",
        "@aws-cdk/aws-sqs": "1.34.1",
        "@aws-cdk/core": "1.34.1",
        "@aws-cdk/cx-api": "1.34.1",
        "constructs": "^3.0.2"
      }
    },
    "@aws-cdk/aws-logs": {
      "version": "1.34.1",
      "resolved": "https://registry.npmjs.org/@aws-cdk/aws-logs/-/aws-logs-1.34.1.tgz",
      "integrity": "sha512-9JUFdiAZZIVzhwmNgKsRV14sV3DOqk+u0FdXY4MYNUhw3IZAbXOcyoWJ7cbB8RGUoG759X5gUvApLYK4kbv+3w==",
      "dev": true,
      "requires": {
        "@aws-cdk/aws-cloudwatch": "1.34.1",
        "@aws-cdk/aws-iam": "1.34.1",
        "@aws-cdk/core": "1.34.1",
        "constructs": "^3.0.2"
      }
    },
    "@aws-cdk/aws-route53": {
      "version": "1.34.1",
      "resolved": "https://registry.npmjs.org/@aws-cdk/aws-route53/-/aws-route53-1.34.1.tgz",
      "integrity": "sha512-n/uKyuwNkoFChlykhtrzHvTiyDkrVcanFuu6+YsUIy638K3F2zS3zkt008eiVSuK7WDizToqbZaNxXZ7+XqJmw==",
      "dev": true,
      "requires": {
        "@aws-cdk/aws-ec2": "1.34.1",
        "@aws-cdk/aws-logs": "1.34.1",
        "@aws-cdk/core": "1.34.1",
        "@aws-cdk/cx-api": "1.34.1",
        "constructs": "^3.0.2"
      }
    },
    "@aws-cdk/aws-route53-targets": {
      "version": "1.34.1",
      "resolved": "https://registry.npmjs.org/@aws-cdk/aws-route53-targets/-/aws-route53-targets-1.34.1.tgz",
      "integrity": "sha512-OHAo5hJRK+fQZTXyt9bS2SEwhYrF3SxBwqvR6jdWoJb3xkali2Pj7EE6V+/RtIwVj38sz8q1uvB4fskcuNbtiA==",
      "dev": true,
      "requires": {
        "@aws-cdk/aws-apigateway": "1.34.1",
        "@aws-cdk/aws-cloudfront": "1.34.1",
        "@aws-cdk/aws-ec2": "1.34.1",
        "@aws-cdk/aws-elasticloadbalancing": "1.34.1",
        "@aws-cdk/aws-elasticloadbalancingv2": "1.34.1",
        "@aws-cdk/aws-iam": "1.34.1",
        "@aws-cdk/aws-route53": "1.34.1",
        "@aws-cdk/aws-s3": "1.34.1",
        "@aws-cdk/core": "1.34.1",
        "@aws-cdk/region-info": "1.34.1",
        "constructs": "^3.0.2"
      }
    },
    "@aws-cdk/aws-s3": {
      "version": "1.34.1",
      "resolved": "https://registry.npmjs.org/@aws-cdk/aws-s3/-/aws-s3-1.34.1.tgz",
      "integrity": "sha512-GJMYlVrGlzWxPHfHO6qkhk4C4UnIR8hzhrODPxvKbuRiliwdueDjvbcY44aohXhtFL87H6hXG8gLseo677g4gQ==",
      "dev": true,
      "requires": {
        "@aws-cdk/aws-events": "1.34.1",
        "@aws-cdk/aws-iam": "1.34.1",
        "@aws-cdk/aws-kms": "1.34.1",
        "@aws-cdk/core": "1.34.1",
        "constructs": "^3.0.2"
      }
    },
    "@aws-cdk/aws-s3-assets": {
      "version": "1.34.1",
      "resolved": "https://registry.npmjs.org/@aws-cdk/aws-s3-assets/-/aws-s3-assets-1.34.1.tgz",
      "integrity": "sha512-8RuDvxyYroV88XN0Mmt9uND0dk2+gn92pnwMYK0FiJMGLiiGmE7gvSipVV4pUu0GbuZ6uMnmYrmsspUglRXnQQ==",
      "dev": true,
      "requires": {
        "@aws-cdk/assets": "1.34.1",
        "@aws-cdk/aws-iam": "1.34.1",
        "@aws-cdk/aws-s3": "1.34.1",
        "@aws-cdk/core": "1.34.1",
        "@aws-cdk/cx-api": "1.34.1",
        "constructs": "^3.0.2"
      }
    },
    "@aws-cdk/aws-s3-deployment": {
      "version": "1.34.1",
      "resolved": "https://registry.npmjs.org/@aws-cdk/aws-s3-deployment/-/aws-s3-deployment-1.34.1.tgz",
      "integrity": "sha512-Um914ZudfkMPRqVlWtd1Jljvbgrma8ge0cElSAQj9Rz1v266VXTiCLpkVHq7LaBX2gHkniKhkpUyofyHICl79A==",
      "dev": true,
      "requires": {
        "@aws-cdk/aws-cloudformation": "1.34.1",
        "@aws-cdk/aws-cloudfront": "1.34.1",
        "@aws-cdk/aws-iam": "1.34.1",
        "@aws-cdk/aws-lambda": "1.34.1",
        "@aws-cdk/aws-s3": "1.34.1",
        "@aws-cdk/aws-s3-assets": "1.34.1",
        "@aws-cdk/core": "1.34.1",
        "constructs": "^3.0.2"
      }
    },
    "@aws-cdk/aws-sns": {
      "version": "1.34.1",
      "resolved": "https://registry.npmjs.org/@aws-cdk/aws-sns/-/aws-sns-1.34.1.tgz",
      "integrity": "sha512-T4HvNm58kLsulQjWZky6FCk/2LnPnnkpgV+Fg+I9iQttmG22W1kTOY+gXHdUo9DLxolvSxCCsUwu2M0lB38gaQ==",
      "dev": true,
      "requires": {
        "@aws-cdk/aws-cloudwatch": "1.34.1",
        "@aws-cdk/aws-events": "1.34.1",
        "@aws-cdk/aws-iam": "1.34.1",
        "@aws-cdk/aws-kms": "1.34.1",
        "@aws-cdk/core": "1.34.1",
        "constructs": "^3.0.2"
      }
    },
    "@aws-cdk/aws-sqs": {
      "version": "1.34.1",
      "resolved": "https://registry.npmjs.org/@aws-cdk/aws-sqs/-/aws-sqs-1.34.1.tgz",
      "integrity": "sha512-nUSKW/aPN1bSFW11kVkfzqhkE4cPK86JMyFLJfwyQEk6mW+ZcgdYBDa+QaL1OdKYalGzSGGIYTX1wtYlO5i/Dw==",
      "dev": true,
      "requires": {
        "@aws-cdk/aws-cloudwatch": "1.34.1",
        "@aws-cdk/aws-iam": "1.34.1",
        "@aws-cdk/aws-kms": "1.34.1",
        "@aws-cdk/core": "1.34.1",
        "constructs": "^3.0.2"
      }
    },
    "@aws-cdk/aws-ssm": {
      "version": "1.34.1",
      "resolved": "https://registry.npmjs.org/@aws-cdk/aws-ssm/-/aws-ssm-1.34.1.tgz",
      "integrity": "sha512-Yanv+2IoPWY+96ENLkvh87NkIUbaeRm/qcUJtJvE50uPlVGam7W1ypnGRS+5qdLbhuai9k3P9YfqNn6vNYP1tA==",
      "dev": true,
      "requires": {
        "@aws-cdk/aws-iam": "1.34.1",
        "@aws-cdk/aws-kms": "1.34.1",
        "@aws-cdk/core": "1.34.1",
        "@aws-cdk/cx-api": "1.34.1",
        "constructs": "^3.0.2"
      }
    },
    "@aws-cdk/cloud-assembly-schema": {
      "version": "1.34.1",
      "resolved": "https://registry.npmjs.org/@aws-cdk/cloud-assembly-schema/-/cloud-assembly-schema-1.34.1.tgz",
      "integrity": "sha512-zBiP2ty4LgeFl0ulc8kDbAzI5MeKdkIwWd7ef1qz+pk4YfBtAjsHbJDzk/apkR7Yaf7Tum9UuPf7yCK4mB18IA==",
      "dev": true,
      "requires": {
        "jsonschema": "^1.2.5",
        "semver": "^7.2.2"
      },
      "dependencies": {
        "jsonschema": {
          "version": "1.2.6",
          "bundled": true,
          "dev": true
        },
        "semver": {
          "version": "7.3.2",
          "bundled": true,
          "dev": true
        }
      }
    },
    "@aws-cdk/core": {
      "version": "1.34.1",
      "resolved": "https://registry.npmjs.org/@aws-cdk/core/-/core-1.34.1.tgz",
      "integrity": "sha512-Lay8Wly6DBTTEJxeW/UNvC0MJbxZcbzSCwxcchHS4KzKaf40CnEIi9jEoSZ2VokjfJCI0KvlXaAB4z1Mt0kGOg==",
      "dev": true,
      "requires": {
        "@aws-cdk/cloud-assembly-schema": "1.34.1",
        "@aws-cdk/cx-api": "1.34.1",
        "constructs": "^3.0.2"
      }
    },
    "@aws-cdk/cx-api": {
      "version": "1.34.1",
      "resolved": "https://registry.npmjs.org/@aws-cdk/cx-api/-/cx-api-1.34.1.tgz",
      "integrity": "sha512-6eS08/6/iZPbsKeUlnmmflPYHirk3DSocSSRWCsmx9vcb2xQgHKJaWJWPcPXeaPyK3BuTe0Zw/XsC2SVD+u30Q==",
      "dev": true,
      "requires": {
        "@aws-cdk/cloud-assembly-schema": "1.34.1",
        "semver": "^7.2.2"
      },
      "dependencies": {
        "semver": {
          "version": "7.3.2",
          "bundled": true,
          "dev": true
        }
      }
    },
    "@aws-cdk/region-info": {
      "version": "1.34.1",
      "resolved": "https://registry.npmjs.org/@aws-cdk/region-info/-/region-info-1.34.1.tgz",
      "integrity": "sha512-7Baiu/tzwUkmqR/2amwkS/92o3Z7NTpTq6lvT02o54abcpzENfsKbaORdFyvJbHORXYQnC2etJl5BLHb3cOQ0w==",
      "dev": true
    },
    "@types/node": {
      "version": "13.13.2",
      "resolved": "https://registry.npmjs.org/@types/node/-/node-13.13.2.tgz",
      "integrity": "sha512-LB2R1Oyhpg8gu4SON/mfforE525+Hi/M1ineICEDftqNVTyFg1aRIeGuTvXAoWHc4nbrFncWtJgMmoyRvuGh7A==",
      "dev": true
    },
    "aws-cdk": {
      "version": "1.174.0",
      "resolved": "https://registry.npmjs.org/aws-cdk/-/aws-cdk-1.174.0.tgz",
      "integrity": "sha512-cAnJ1vx8p0sFoHR5IP4YKd4l3lN7s9Y7+umwb4eNgWr+XSgUbuYiJgS/FD57hIbHN1uoBih3QAE0RA62LVJSFw==",
      "dev": true,
      "requires": {
        "fsevents": "2.3.2"
      }
    },
    "constructs": {
      "version": "3.0.2",
      "resolved": "https://registry.npmjs.org/constructs/-/constructs-3.0.2.tgz",
      "integrity": "sha512-Q4SkOFaRH2D65kvcGrDZ/FgJwk59HwUohbdCbeIueas+8RJhd9N4j6QgvHnMfTOmQWDPXCn1IGwteTLC0OK1NA==",
      "dev": true
    },
    "fsevents": {
      "version": "2.3.2",
      "resolved": "https://registry.npmjs.org/fsevents/-/fsevents-2.3.2.tgz",
      "integrity": "sha512-xiqMQR4xAeHTuB9uWm+fFRcIOgKBMiOBP+eXiyT7jsgVCq1bkVygt00oASowB7EdtpOHaaPgKt812P9ab+DDKA==",
      "dev": true,
      "optional": true
    },
    "typescript": {
      "version": "3.8.3",
      "resolved": "https://registry.npmjs.org/typescript/-/typescript-3.8.3.tgz",
      "integrity": "sha512-MYlEfn5VrLNsgudQTVJeNaQFUAI7DkhnOjdpAp4T+ku1TfQClewlbSuTVHiA+8skNBgaf02TL/kLOvig4y3G8w==",
      "dev": true
    }
  }
}
